
Microsoft Visual Studio Solution File, Format Version 12.00
# Visual Studio Version 17
VisualStudioVersion = 17.0.31903.59
MinimumVisualStudioVersion = 10.0.40219.1
Project("{FAE04EC0-301F-11D3-BF4B-00C04F79EFBC}") = "Tyuiu.MolodchikovEE.Sprint5.Task0.V25.Lib", "Tyuiu.MolodchikovEE.Sprint5.Task0.V25.Lib\Tyuiu.MolodchikovEE.Sprint5.Task0.V25.Lib.csproj", "{D6D4CB4F-041F-4EC7-8556-E896ECEDCB41}"
EndProject
Project("{FAE04EC0-301F-11D3-BF4B-00C04F79EFBC}") = "Tyuiu.MolodchikovEE.Sprint5.Task0.V25", "Tyuiu.MolodchikovEE.Sprint5.Task0.V25\Tyuiu.MolodchikovEE.Sprint5.Task0.V25.csproj", "{657F78B5-A5A4-4C49-B6E0-725906F52ED9}"
EndProject
Project("{FAE04EC0-301F-11D3-BF4B-00C04F79EFBC}") = "Tyuiu.MolodchikovEE.Sprint5.Task0.V25.Test", "Tyuiu.MolodchikovEE.Sprint5.Task0.V25.Test\Tyuiu.MolodchikovEE.Sprint5.Task0.V25.Test.csproj", "{54F10897-28AE-446F-8C85-553C5B5E38C7}"
EndProject
Project("{FAE04EC0-301F-11D3-BF4B-00C04F79EFBC}") = "Tyuiu.MolodchikovEE.Sprint5.Task1.V12.Lib", "Tyuiu.MolodchikovEE.Sprint5.Task1.V12.Lib\Tyuiu.MolodchikovEE.Sprint5.Task1.V12.Lib.csproj", "{F0F26741-F725-45FD-A351-3872EDA0C092}"
EndProject
Project("{FAE04EC0-301F-11D3-BF4B-00C04F79EFBC}") = "Tyuiu.MolodchikovEE.Sprint5.Task1.V12", "Tyuiu.MolodchikovEE.Sprint5.Task1.V12\Tyuiu.MolodchikovEE.Sprint5.Task1.V12.csproj", "{CB403ABA-5BAA-4138-82E2-566AEE44C6FD}"
EndProject
Project("{FAE04EC0-301F-11D3-BF4B-00C04F79EFBC}") = "Tyuiu.MolodchikovEE.Sprint5.Task1.V12.Test", "Tyuiu.MolodchikovEE.Sprint5.Task1.V12.Test\Tyuiu.MolodchikovEE.Sprint5.Task1.V12.Test.csproj", "{9CDE4A90-6748-4EEF-BA98-4112904B0505}"
EndProject
Project("{FAE04EC0-301F-11D3-BF4B-00C04F79EFBC}") = "Tyuiu.MolodchikovEE.Sprint5.Task2.V3.Lib", "Tyuiu.MolodchikovEE.Sprint5.Task2.V3.Lib\Tyuiu.MolodchikovEE.Sprint5.Task2.V3.Lib.csproj", "{C36F5BF7-A056-4A8E-8ED5-92B2FB0AAA6D}"
EndProject
Project("{FAE04EC0-301F-11D3-BF4B-00C04F79EFBC}") = "Tyuiu.MolodchikovEE.Sprint5.Task2.V3", "Tyuiu.MolodchikovEE.Sprint5.Task2.V3\Tyuiu.MolodchikovEE.Sprint5.Task2.V3.csproj", "{E1C12EB2-EA1E-4F36-9E8E-B80FC22DCB68}"
EndProject
Project("{FAE04EC0-301F-11D3-BF4B-00C04F79EFBC}") = "Tyuiu.MolodchikovEE.Sprint5.Task2.V3.Test", "Tyuiu.MolodchikovEE.Sprint5.Task2.V3.Test\Tyuiu.MolodchikovEE.Sprint5.Task2.V3.Test.csproj", "{578528B5-6D4E-4E94-96A3-94CFD0595573}"
EndProject
Project("{FAE04EC0-301F-11D3-BF4B-00C04F79EFBC}") = "Tyuiu.MolodchikovEE.Sprint5.Task3.V26.Lib", "Tyuiu.MolodchikovEE.Sprint5.Task3.V26.Lib\Tyuiu.MolodchikovEE.Sprint5.Task3.V26.Lib.csproj", "{0C35A212-5493-4B8E-A47D-9C7C0714B9FE}"
EndProject
Project("{FAE04EC0-301F-11D3-BF4B-00C04F79EFBC}") = "Tyuiu.MolodchikovEE.Sprint5.Task3.V26", "Tyuiu.MolodchikovEE.Sprint5.Task3.V26\Tyuiu.MolodchikovEE.Sprint5.Task3.V26.csproj", "{CC75DE04-E725-4F25-A656-AEAA1F0F46A2}"
EndProject
Project("{FAE04EC0-301F-11D3-BF4B-00C04F79EFBC}") = "Tyuiu.MolodchikovEE.Sprint5.Task3.V26.Test", "Tyuiu.MolodchikovEE.Sprint5.Task3.V26.Test\Tyuiu.MolodchikovEE.Sprint5.Task3.V26.Test.csproj", "{542DE1C1-195B-4474-9967-2CDE04FAD0EC}"
EndProject
Project("{FAE04EC0-301F-11D3-BF4B-00C04F79EFBC}") = "Tyuiu.MolodchikovEE.Sprint5.Task4.V17.Lib", "Tyuiu.MolodchikovEE.Sprint5.Task4.V17.Lib\Tyuiu.MolodchikovEE.Sprint5.Task4.V17.Lib.csproj", "{D69D8469-2B95-4EB2-820A-EDD1BACE470E}"
EndProject
Project("{FAE04EC0-301F-11D3-BF4B-00C04F79EFBC}") = "Tyuiu.MolodchikovEE.Sprint5.Task4.V17", "Tyuiu.MolodchikovEE.Sprint5.Task4.V17\Tyuiu.MolodchikovEE.Sprint5.Task4.V17.csproj", "{565E8D19-1950-4B3D-B39C-0100A387D152}"
EndProject
Project("{FAE04EC0-301F-11D3-BF4B-00C04F79EFBC}") = "Tyuiu.MolodchikovEE.Sprint5.Task4.V17.Test", "Tyuiu.MolodchikovEE.Sprint5.Task4.V17.Test\Tyuiu.MolodchikovEE.Sprint5.Task4.V17.Test.csproj", "{908DE9A2-5055-48D3-90C5-90D405921992}"
EndProject
Project("{FAE04EC0-301F-11D3-BF4B-00C04F79EFBC}") = "Tyuiu.MolodchikovEE.Sprint5.Task5.V9.Lib", "Tyuiu.MolodchikovEE.Sprint5.Task5.V9.Lib\Tyuiu.MolodchikovEE.Sprint5.Task5.V9.Lib.csproj", "{C3B34221-4B22-429F-AFA3-524E6472F335}"
EndProject
Project("{FAE04EC0-301F-11D3-BF4B-00C04F79EFBC}") = "Tyuiu.MolodchikovEE.Sprint5.Task5.V9", "Tyuiu.MolodchikovEE.Sprint5.Task5.V9\Tyuiu.MolodchikovEE.Sprint5.Task5.V9.csproj", "{4F84DE37-82C0-4F76-9215-C593A754D563}"
EndProject
Project("{FAE04EC0-301F-11D3-BF4B-00C04F79EFBC}") = "Tyuiu.MolodchikovEE.Sprint5.Task5.V9.Test", "Tyuiu.MolodchikovEE.Sprint5.Task5.V9.Test\Tyuiu.MolodchikovEE.Sprint5.Task5.V9.Test.csproj", "{7DEB046D-7298-4026-91B1-8FE9101D416F}"
EndProject
Project("{FAE04EC0-301F-11D3-BF4B-00C04F79EFBC}") = "Tyuiu.MolodchikovEE.Sprint5.Task6.V22.Lib", "Tyuiu.MolodchikovEE.Sprint5.Task6.V22.Lib\Tyuiu.MolodchikovEE.Sprint5.Task6.V22.Lib.csproj", "{3B9D157D-623F-4636-9D5A-5F1AD63F19B2}"
EndProject
Project("{FAE04EC0-301F-11D3-BF4B-00C04F79EFBC}") = "Tyuiu.MolodchikovEE.Sprint5.Task6.V22", "Tyuiu.MolodchikovEE.Sprint5.Task6.V22\Tyuiu.MolodchikovEE.Sprint5.Task6.V22.csproj", "{D71430D2-8C24-445D-835B-E5B5CB82C981}"
EndProject
Project("{FAE04EC0-301F-11D3-BF4B-00C04F79EFBC}") = "Tyuiu.MolodchikovEE.Sprint5.Task6.V22.Test", "Tyuiu.MolodchikovEE.Sprint5.Task6.V22.Test\Tyuiu.MolodchikovEE.Sprint5.Task6.V22.Test.csproj", "{E5E53182-CB81-4501-9B69-7FE572723731}"
EndProject
Global
	GlobalSection(SolutionConfigurationPlatforms) = preSolution
		Debug|Any CPU = Debug|Any CPU
		Release|Any CPU = Release|Any CPU
	EndGlobalSection
	GlobalSection(SolutionProperties) = preSolution
		HideSolutionNode = FALSE
	EndGlobalSection
	GlobalSection(ProjectConfigurationPlatforms) = postSolution
		{D6D4CB4F-041F-4EC7-8556-E896ECEDCB41}.Debug|Any CPU.ActiveCfg = Debug|Any CPU
		{D6D4CB4F-041F-4EC7-8556-E896ECEDCB41}.Debug|Any CPU.Build.0 = Debug|Any CPU
		{D6D4CB4F-041F-4EC7-8556-E896ECEDCB41}.Release|Any CPU.ActiveCfg = Release|Any CPU
		{D6D4CB4F-041F-4EC7-8556-E896ECEDCB41}.Release|Any CPU.Build.0 = Release|Any CPU
		{657F78B5-A5A4-4C49-B6E0-725906F52ED9}.Debug|Any CPU.ActiveCfg = Debug|Any CPU
		{657F78B5-A5A4-4C49-B6E0-725906F52ED9}.Debug|Any CPU.Build.0 = Debug|Any CPU
		{657F78B5-A5A4-4C49-B6E0-725906F52ED9}.Release|Any CPU.ActiveCfg = Release|Any CPU
		{657F78B5-A5A4-4C49-B6E0-725906F52ED9}.Release|Any CPU.Build.0 = Release|Any CPU
		{54F10897-28AE-446F-8C85-553C5B5E38C7}.Debug|Any CPU.ActiveCfg = Debug|Any CPU
		{54F10897-28AE-446F-8C85-553C5B5E38C7}.Debug|Any CPU.Build.0 = Debug|Any CPU
		{54F10897-28AE-446F-8C85-553C5B5E38C7}.Release|Any CPU.ActiveCfg = Release|Any CPU
		{54F10897-28AE-446F-8C85-553C5B5E38C7}.Release|Any CPU.Build.0 = Release|Any CPU
		{F0F26741-F725-45FD-A351-3872EDA0C092}.Debug|Any CPU.ActiveCfg = Debug|Any CPU
		{F0F26741-F725-45FD-A351-3872EDA0C092}.Debug|Any CPU.Build.0 = Debug|Any CPU
		{F0F26741-F725-45FD-A351-3872EDA0C092}.Release|Any CPU.ActiveCfg = Release|Any CPU
		{F0F26741-F725-45FD-A351-3872EDA0C092}.Release|Any CPU.Build.0 = Release|Any CPU
		{CB403ABA-5BAA-4138-82E2-566AEE44C6FD}.Debug|Any CPU.ActiveCfg = Debug|Any CPU
		{CB403ABA-5BAA-4138-82E2-566AEE44C6FD}.Debug|Any CPU.Build.0 = Debug|Any CPU
		{CB403ABA-5BAA-4138-82E2-566AEE44C6FD}.Release|Any CPU.ActiveCfg = Release|Any CPU
		{CB403ABA-5BAA-4138-82E2-566AEE44C6FD}.Release|Any CPU.Build.0 = Release|Any CPU
		{9CDE4A90-6748-4EEF-BA98-4112904B0505}.Debug|Any CPU.ActiveCfg = Debug|Any CPU
		{9CDE4A90-6748-4EEF-BA98-4112904B0505}.Debug|Any CPU.Build.0 = Debug|Any CPU
		{9CDE4A90-6748-4EEF-BA98-4112904B0505}.Release|Any CPU.ActiveCfg = Release|Any CPU
		{9CDE4A90-6748-4EEF-BA98-4112904B0505}.Release|Any CPU.Build.0 = Release|Any CPU
		{C36F5BF7-A056-4A8E-8ED5-92B2FB0AAA6D}.Debug|Any CPU.ActiveCfg = Debug|Any CPU
		{C36F5BF7-A056-4A8E-8ED5-92B2FB0AAA6D}.Debug|Any CPU.Build.0 = Debug|Any CPU
		{C36F5BF7-A056-4A8E-8ED5-92B2FB0AAA6D}.Release|Any CPU.ActiveCfg = Release|Any CPU
		{C36F5BF7-A056-4A8E-8ED5-92B2FB0AAA6D}.Release|Any CPU.Build.0 = Release|Any CPU
		{E1C12EB2-EA1E-4F36-9E8E-B80FC22DCB68}.Debug|Any CPU.ActiveCfg = Debug|Any CPU
		{E1C12EB2-EA1E-4F36-9E8E-B80FC22DCB68}.Debug|Any CPU.Build.0 = Debug|Any CPU
		{E1C12EB2-EA1E-4F36-9E8E-B80FC22DCB68}.Release|Any CPU.ActiveCfg = Release|Any CPU
		{E1C12EB2-EA1E-4F36-9E8E-B80FC22DCB68}.Release|Any CPU.Build.0 = Release|Any CPU
		{578528B5-6D4E-4E94-96A3-94CFD0595573}.Debug|Any CPU.ActiveCfg = Debug|Any CPU
		{578528B5-6D4E-4E94-96A3-94CFD0595573}.Debug|Any CPU.Build.0 = Debug|Any CPU
		{578528B5-6D4E-4E94-96A3-94CFD0595573}.Release|Any CPU.ActiveCfg = Release|Any CPU
		{578528B5-6D4E-4E94-96A3-94CFD0595573}.Release|Any CPU.Build.0 = Release|Any CPU
		{0C35A212-5493-4B8E-A47D-9C7C0714B9FE}.Debug|Any CPU.ActiveCfg = Debug|Any CPU
		{0C35A212-5493-4B8E-A47D-9C7C0714B9FE}.Debug|Any CPU.Build.0 = Debug|Any CPU
		{0C35A212-5493-4B8E-A47D-9C7C0714B9FE}.Release|Any CPU.ActiveCfg = Release|Any CPU
		{0C35A212-5493-4B8E-A47D-9C7C0714B9FE}.Release|Any CPU.Build.0 = Release|Any CPU
		{CC75DE04-E725-4F25-A656-AEAA1F0F46A2}.Debug|Any CPU.ActiveCfg = Debug|Any CPU
		{CC75DE04-E725-4F25-A656-AEAA1F0F46A2}.Debug|Any CPU.Build.0 = Debug|Any CPU
		{CC75DE04-E725-4F25-A656-AEAA1F0F46A2}.Release|Any CPU.ActiveCfg = Release|Any CPU
		{CC75DE04-E725-4F25-A656-AEAA1F0F46A2}.Release|Any CPU.Build.0 = Release|Any CPU
		{542DE1C1-195B-4474-9967-2CDE04FAD0EC}.Debug|Any CPU.ActiveCfg = Debug|Any CPU
		{542DE1C1-195B-4474-9967-2CDE04FAD0EC}.Debug|Any CPU.Build.0 = Debug|Any CPU
		{542DE1C1-195B-4474-9967-2CDE04FAD0EC}.Release|Any CPU.ActiveCfg = Release|Any CPU
		{542DE1C1-195B-4474-9967-2CDE04FAD0EC}.Release|Any CPU.Build.0 = Release|Any CPU
		{D69D8469-2B95-4EB2-820A-EDD1BACE470E}.Debug|Any CPU.ActiveCfg = Debug|Any CPU
		{D69D8469-2B95-4EB2-820A-EDD1BACE470E}.Debug|Any CPU.Build.0 = Debug|Any CPU
		{D69D8469-2B95-4EB2-820A-EDD1BACE470E}.Release|Any CPU.ActiveCfg = Release|Any CPU
		{D69D8469-2B95-4EB2-820A-EDD1BACE470E}.Release|Any CPU.Build.0 = Release|Any CPU
		{565E8D19-1950-4B3D-B39C-0100A387D152}.Debug|Any CPU.ActiveCfg = Debug|Any CPU
		{565E8D19-1950-4B3D-B39C-0100A387D152}.Debug|Any CPU.Build.0 = Debug|Any CPU
		{565E8D19-1950-4B3D-B39C-0100A387D152}.Release|Any CPU.ActiveCfg = Release|Any CPU
		{565E8D19-1950-4B3D-B39C-0100A387D152}.Release|Any CPU.Build.0 = Release|Any CPU
		{908DE9A2-5055-48D3-90C5-90D405921992}.Debug|Any CPU.ActiveCfg = Debug|Any CPU
		{908DE9A2-5055-48D3-90C5-90D405921992}.Debug|Any CPU.Build.0 = Debug|Any CPU
		{908DE9A2-5055-48D3-90C5-90D405921992}.Release|Any CPU.ActiveCfg = Release|Any CPU
		{908DE9A2-5055-48D3-90C5-90D405921992}.Release|Any CPU.Build.0 = Release|Any CPU
		{C3B34221-4B22-429F-AFA3-524E6472F335}.Debug|Any CPU.ActiveCfg = Debug|Any CPU
		{C3B34221-4B22-429F-AFA3-524E6472F335}.Debug|Any CPU.Build.0 = Debug|Any CPU
		{C3B34221-4B22-429F-AFA3-524E6472F335}.Release|Any CPU.ActiveCfg = Release|Any CPU
		{C3B34221-4B22-429F-AFA3-524E6472F335}.Release|Any CPU.Build.0 = Release|Any CPU
		{4F84DE37-82C0-4F76-9215-C593A754D563}.Debug|Any CPU.ActiveCfg = Debug|Any CPU
		{4F84DE37-82C0-4F76-9215-C593A754D563}.Debug|Any CPU.Build.0 = Debug|Any CPU
		{4F84DE37-82C0-4F76-9215-C593A754D563}.Release|Any CPU.ActiveCfg = Release|Any CPU
		{4F84DE37-82C0-4F76-9215-C593A754D563}.Release|Any CPU.Build.0 = Release|Any CPU
		{7DEB046D-7298-4026-91B1-8FE9101D416F}.Debug|Any CPU.ActiveCfg = Debug|Any CPU
		{7DEB046D-7298-4026-91B1-8FE9101D416F}.Debug|Any CPU.Build.0 = Debug|Any CPU
		{7DEB046D-7298-4026-91B1-8FE9101D416F}.Release|Any CPU.ActiveCfg = Release|Any CPU
		{7DEB046D-7298-4026-91B1-8FE9101D416F}.Release|Any CPU.Build.0 = Release|Any CPU
		{3B9D157D-623F-4636-9D5A-5F1AD63F19B2}.Debug|Any CPU.ActiveCfg = Debug|Any CPU
		{3B9D157D-623F-4636-9D5A-5F1AD63F19B2}.Debug|Any CPU.Build.0 = Debug|Any CPU
		{3B9D157D-623F-4636-9D5A-5F1AD63F19B2}.Release|Any CPU.ActiveCfg = Release|Any CPU
		{3B9D157D-623F-4636-9D5A-5F1AD63F19B2}.Release|Any CPU.Build.0 = Release|Any CPU
		{D71430D2-8C24-445D-835B-E5B5CB82C981}.Debug|Any CPU.ActiveCfg = Debug|Any CPU
		{D71430D2-8C24-445D-835B-E5B5CB82C981}.Debug|Any CPU.Build.0 = Debug|Any CPU
		{D71430D2-8C24-445D-835B-E5B5CB82C981}.Release|Any CPU.ActiveCfg = Release|Any CPU
		{D71430D2-8C24-445D-835B-E5B5CB82C981}.Release|Any CPU.Build.0 = Release|Any CPU
		{E5E53182-CB81-4501-9B69-7FE572723731}.Debug|Any CPU.ActiveCfg = Debug|Any CPU
		{E5E53182-CB81-4501-9B69-7FE572723731}.Debug|Any CPU.Build.0 = Debug|Any CPU
		{E5E53182-CB81-4501-9B69-7FE572723731}.Release|Any CPU.ActiveCfg = Release|Any CPU
		{E5E53182-CB81-4501-9B69-7FE572723731}.Release|Any CPU.Build.0 = Release|Any CPU
	EndGlobalSection
EndGlobal
